
Microsoft Visual Studio Solution File, Format Version 11.00
# Visual Studio 2010
Project("{00000000-0000-0000-0000-000000000000}") = "IONS", "IONS\IONS.csproj", "{07B5B479-F19A-46E8-A017-8A623315D9A2}"
EndProject
Global
	GlobalSection(SolutionConfigurationPlatforms) = preSolution
		Debug|Any CPU = Debug|Any CPU
		Release|Any CPU = Release|Any CPU
	EndGlobalSection
	GlobalSection(ProjectConfigurationPlatforms) = postSolution
		{07B5B479-F19A-46E8-A017-8A623315D9A2}.Debug|Any CPU.ActiveCfg = Debug|Any CPU
		{07B5B479-F19A-46E8-A017-8A623315D9A2}.Debug|Any CPU.Build.0 = Debug|Any CPU
		{07B5B479-F19A-46E8-A017-8A623315D9A2}.Release|Any CPU.ActiveCfg = Release|Any CPU
		{07B5B479-F19A-46E8-A017-8A623315D9A2}.Release|Any CPU.Build.0 = Release|Any CPU
	EndGlobalSection
	GlobalSection(SolutionProperties) = preSolution
		HideSolutionNode = FALSE
	EndGlobalSection
EndGlobal
